
Microsoft Visual Studio Solution File, Format Version 12.00
# Visual Studio Version 16
VisualStudioVersion = 16.0.29509.3
MinimumVisualStudioVersion = 10.0.40219.1
Project("{FAE04EC0-301F-11D3-BF4B-00C04F79EFBC}") = "Fingerprint", "Fingerprint\Fingerprint.csproj", "{47E0F754-9902-4EE6-A081-EA978C7357C3}"
EndProject
Project("{54435603-DBB4-11D2-8724-00A0C9A8B90C}") = "Setup", "Setup\Setup.vdproj", "{DDEC06BE-DE1D-49AA-817A-9A0C34381F65}"
EndProject
Project("{FAE04EC0-301F-11D3-BF4B-00C04F79EFBC}") = "SharpUpdate", "SharpUpdate\SharpUpdate.csproj", "{811C1D69-764F-4335-8363-B93A1D106268}"
EndProject
Global
	GlobalSection(SolutionConfigurationPlatforms) = preSolution
		Debug|Any CPU = Debug|Any CPU
		Release|Any CPU = Release|Any CPU
	EndGlobalSection
	GlobalSection(ProjectConfigurationPlatforms) = postSolution
		{47E0F754-9902-4EE6-A081-EA978C7357C3}.Debug|Any CPU.ActiveCfg = Debug|Any CPU
		{47E0F754-9902-4EE6-A081-EA978C7357C3}.Debug|Any CPU.Build.0 = Debug|Any CPU
		{47E0F754-9902-4EE6-A081-EA978C7357C3}.Release|Any CPU.ActiveCfg = Release|Any CPU
		{47E0F754-9902-4EE6-A081-EA978C7357C3}.Release|Any CPU.Build.0 = Release|Any CPU
		{DDEC06BE-DE1D-49AA-817A-9A0C34381F65}.Debug|Any CPU.ActiveCfg = Debug
		{DDEC06BE-DE1D-49AA-817A-9A0C34381F65}.Release|Any CPU.ActiveCfg = Release
		{811C1D69-764F-4335-8363-B93A1D106268}.Debug|Any CPU.ActiveCfg = Debug|Any CPU
		{811C1D69-764F-4335-8363-B93A1D106268}.Debug|Any CPU.Build.0 = Debug|Any CPU
		{811C1D69-764F-4335-8363-B93A1D106268}.Release|Any CPU.ActiveCfg = Release|Any CPU
		{811C1D69-764F-4335-8363-B93A1D106268}.Release|Any CPU.Build.0 = Release|Any CPU
	EndGlobalSection
	GlobalSection(SolutionProperties) = preSolution
		HideSolutionNode = FALSE
	EndGlobalSection
	GlobalSection(ExtensibilityGlobals) = postSolution
		SolutionGuid = {995B2C71-31FE-4DEC-AE45-95200A2790F3}
	EndGlobalSection
EndGlobal
